<?xml version="1.0" encoding="utf-8"?>
<Project ToolsVersion="4.0" xmlns="http://schemas.microsoft.com/developer/msbuild/2003">
  <ItemGroup>
    <Filter Include="Header Files">
      <UniqueIdentifier>{93995380-89BD-4b04-88EB-625FBE52EBFB}</UniqueIdentifier>
      <Extensions>h;hh;hpp;hxx;hm;inl;inc;xsd</Extensions>
    </Filter>
    <Filter Include="Source Files">
      <UniqueIdentifier>{43afa34d-ace4-460a-9278-f090a32a4407}</UniqueIdentifier>
    </Filter>
    <Filter Include="Tests Base">
      <UniqueIdentifier>{c83235e2-4fdc-44c1-b7c3-5f00fcde02e0}</UniqueIdentifier>
    </Filter>
    <Filter Include="Tests SagTension">
      <UniqueIdentifier>{45511b42-c25f-4c18-b1c2-357f59969245}</UniqueIdentifier>
    </Filter>
    <Filter Include="Tests TransmissionLine">
      <UniqueIdentifier>{ae6d7e87-1950-4184-89fa-e9b1845503bd}</UniqueIdentifier>
    </Filter>
    <Filter Include="Tests ThermalRating">
      <UniqueIdentifier>{20e8a7a4-a940-48ba-998b-6f23230c463c}</UniqueIdentifier>
    </Filter>
    <Filter Include="Tests Sagging">
      <UniqueIdentifier>{253a4ed6-4998-4364-9b52-2f780454c930}</UniqueIdentifier>
    </Filter>
  </ItemGroup>
  <ItemGroup>
    <ClInclude Include="factory.h">
      <Filter>Header Files</Filter>
    </ClInclude>
  </ItemGroup>
  <ItemGroup>
    <ClCompile Include="base\geometric_shapes_test.cc">
      <Filter>Tests Base</Filter>
    </ClCompile>
    <ClCompile Include="base\helper_test.cc">
      <Filter>Tests Base</Filter>
    </ClCompile>
    <ClCompile Include="base\polynomial_test.cc">
      <Filter>Tests Base</Filter>
    </ClCompile>
    <ClCompile Include="base\units_test.cc">
      <Filter>Tests Base</Filter>
    </ClCompile>
    <ClCompile Include="base\vector_test.cc">
      <Filter>Tests Base</Filter>
    </ClCompile>
    <ClCompile Include="sagtension\cable_component_elongation_model_test.cc">
      <Filter>Tests SagTension</Filter>
    </ClCompile>
    <ClCompile Include="sagtension\cable_elongation_model_test.cc">
      <Filter>Tests SagTension</Filter>
    </ClCompile>
    <ClCompile Include="sagtension\cable_state_test.cc">
      <Filter>Tests SagTension</Filter>
    </ClCompile>
    <ClCompile Include="sagtension\cable_strainer_test.cc">
      <Filter>Tests SagTension</Filter>
    </ClCompile>
    <ClCompile Include="sagtension\catenary_cable_reloader_test.cc">
      <Filter>Tests SagTension</Filter>
    </ClCompile>
    <ClCompile Include="sagtension\catenary_cable_unloader_test.cc">
      <Filter>Tests SagTension</Filter>
    </ClCompile>
    <ClCompile Include="sagtension\line_cable_reloader_test.cc">
      <Filter>Tests SagTension</Filter>
    </ClCompile>
    <ClCompile Include="sagtension\line_cable_sagger_test.cc">
      <Filter>Tests SagTension</Filter>
    </ClCompile>
    <ClCompile Include="sagtension\sag_tension_cable_test.cc">
      <Filter>Tests SagTension</Filter>
    </ClCompile>
    <ClCompile Include="transmissionline\cable_constraint_test.cc">
      <Filter>Tests TransmissionLine</Filter>
    </ClCompile>
    <ClCompile Include="transmissionline\cable_test.cc">
      <Filter>Tests TransmissionLine</Filter>
    </ClCompile>
    <ClCompile Include="transmissionline\catenary_solver_test.cc">
      <Filter>Tests TransmissionLine</Filter>
    </ClCompile>
    <ClCompile Include="transmissionline\catenary_test.cc">
      <Filter>Tests TransmissionLine</Filter>
    </ClCompile>
    <ClCompile Include="transmissionline\line_cable_test.cc">
      <Filter>Tests TransmissionLine</Filter>
    </ClCompile>
    <ClCompile Include="transmissionline\weather_load_case_test.cc">
      <Filter>Tests TransmissionLine</Filter>
    </ClCompile>
    <ClCompile Include="factory.cc">
      <Filter>Source Files</Filter>
    </ClCompile>
    <ClCompile Include="test.cc">
      <Filter>Source Files</Filter>
    </ClCompile>
    <ClCompile Include="transmissionline\alignment_test.cc">
      <Filter>Tests TransmissionLine</Filter>
    </ClCompile>
    <ClCompile Include="transmissionline\cable_attachment_equilibrium_solver_test.cc">
      <Filter>Tests TransmissionLine</Filter>
    </ClCompile>
    <ClCompile Include="transmissionline\cable_position_locator_test.cc">
      <Filter>Tests TransmissionLine</Filter>
    </ClCompile>
    <ClCompile Include="transmissionline\hardware_test.cc">
      <Filter>Tests TransmissionLine</Filter>
    </ClCompile>
    <ClCompile Include="transmissionline\line_structure_test.cc">
      <Filter>Tests TransmissionLine</Filter>
    </ClCompile>
    <ClCompile Include="transmissionline\structure_test.cc">
      <Filter>Tests TransmissionLine</Filter>
    </ClCompile>
    <ClCompile Include="transmissionline\transmission_line_test.cc">
      <Filter>Tests TransmissionLine</Filter>
    </ClCompile>
    <ClCompile Include="thermalrating\cable_heat_transfer_solver_test.cc">
      <Filter>Tests ThermalRating</Filter>
    </ClCompile>
    <ClCompile Include="thermalrating\cable_heat_transfer_state_test.cc">
      <Filter>Tests ThermalRating</Filter>
    </ClCompile>
    <ClCompile Include="thermalrating\solar_radiation_solver_test.cc">
      <Filter>Tests ThermalRating</Filter>
    </ClCompile>
    <ClCompile Include="thermalrating\steady_cable_current_solver_test.cc">
      <Filter>Tests ThermalRating</Filter>
    </ClCompile>
    <ClCompile Include="thermalrating\steady_cable_temperature_solver_test.cc">
      <Filter>Tests ThermalRating</Filter>
    </ClCompile>
    <ClCompile Include="thermalrating\thermal_rating_cable_test.cc">
      <Filter>Tests ThermalRating</Filter>
    </ClCompile>
    <ClCompile Include="thermalrating\thermal_rating_weather_test.cc">
      <Filter>Tests ThermalRating</Filter>
    </ClCompile>
    <ClCompile Include="thermalrating\transient_cable_temperature_solver_test.cc">
      <Filter>Tests ThermalRating</Filter>
    </ClCompile>
    <ClCompile Include="transmissionline\cable_unit_load_solver_test.cc">
      <Filter>Tests TransmissionLine</Filter>
    </ClCompile>
    <ClCompile Include="sagtension\line_cable_loader_base_test.cc">
      <Filter>Tests SagTension</Filter>
    </ClCompile>
    <ClCompile Include="sagtension\line_cable_unloader_test.cc">
      <Filter>Tests SagTension</Filter>
    </ClCompile>
    <ClCompile Include="sagging\cable_sag_position_corrector_test.cc">
      <Filter>Tests Sagging</Filter>
    </ClCompile>
    <ClCompile Include="sagging\dyno_sagger_test.cc">
      <Filter>Tests Sagging</Filter>
    </ClCompile>
    <ClCompile Include="sagging\stopwatch_sagger_test.cc">
      <Filter>Tests Sagging</Filter>
    </ClCompile>
    <ClCompile Include="sagging\transit_sagger_test.cc">
      <Filter>Tests Sagging</Filter>
    </ClCompile>
  </ItemGroup>
</Project>