<?xml version="1.0" encoding="UTF-8" standalone="yes" ?>
<CodeBlocks_project_file>
	<FileVersion major="1" minor="6" />
	<Project>
		<Option title="test" />
		<Option pch_mode="2" />
		<Option compiler="gcc" />
		<Option virtualFolders="Header Files/;Source Files/;Tests - Base/;Tests - TransmissionLine/;Tests - SagTension/;" />
		<Build>
			<Target title="debug">
				<Option output="debug/test" prefix_auto="1" extension_auto="1" />
				<Option object_output="debug/obj/" />
				<Option external_deps="../build/codeblocks/debug/libotlsmodels_based.a;../build/codeblocks/debug/libotlsmodels_sagtensiond.a;../build/codeblocks/debug/libotlsmodels_transmissionlined.a;" />
				<Option type="1" />
				<Option compiler="gcc" />
				<Option projectLinkerOptionsRelation="2" />
				<Compiler>
					<Add option="-g" />
				</Compiler>
				<Linker>
					<Add library="../build/codeblocks/debug/libotlsmodels_sagtensiond.a" />
					<Add library="../build/codeblocks/debug/libotlsmodels_transmissionlined.a" />
					<Add library="../build/codeblocks/debug/libotlsmodels_based.a" />
				</Linker>
			</Target>
			<Target title="release">
				<Option output="release/test" prefix_auto="1" extension_auto="1" />
				<Option object_output="release/obj/" />
				<Option external_deps="../build/codeblocks/release/libotlsmodels_base.a;../build/codeblocks/release/libotlsmodels_sagtension.a;../build/codeblocks/release/libotlsmodels_transmissionline.a;" />
				<Option type="1" />
				<Option compiler="gcc" />
				<Option projectLinkerOptionsRelation="2" />
				<Compiler>
					<Add option="-O2" />
				</Compiler>
				<Linker>
					<Add option="-s" />
					<Add library="../build/codeblocks/release/libotlsmodels_sagtension.a" />
					<Add library="../build/codeblocks/release/libotlsmodels_transmissionline.a" />
					<Add library="../build/codeblocks/release/libotlsmodels_base.a" />
				</Linker>
			</Target>
		</Build>
		<Compiler>
			<Add option="-std=c++11" />
			<Add option="-Wall" />
			<Add directory="../include" />
			<Add directory="../external/googletest/googletest/include" />
			<Add directory="../test" />
		</Compiler>
		<Linker>
			<Add option="-pthread" />
			<Add library="../external/googletest/googletest/make/gtest_main.a" />
		</Linker>
		<Unit filename="base/geometric_shapes_test.cc">
			<Option virtualFolder="Tests - Base/" />
		</Unit>
		<Unit filename="base/helper_test.cc">
			<Option virtualFolder="Tests - Base/" />
		</Unit>
		<Unit filename="base/polynomial_test.cc">
			<Option virtualFolder="Tests - Base/" />
		</Unit>
		<Unit filename="base/units_test.cc">
			<Option virtualFolder="Tests - Base/" />
		</Unit>
		<Unit filename="base/vector_test.cc">
			<Option virtualFolder="Tests - Base/" />
		</Unit>
		<Unit filename="factory.cc">
			<Option virtualFolder="Source Files/" />
		</Unit>
		<Unit filename="factory.h">
			<Option virtualFolder="Header Files/" />
		</Unit>
		<Unit filename="sagtension/cable_component_elongation_model_test.cc">
			<Option virtualFolder="Tests - SagTension/" />
		</Unit>
		<Unit filename="sagtension/cable_elongation_model_test.cc">
			<Option virtualFolder="Tests - SagTension/" />
		</Unit>
		<Unit filename="sagtension/cable_state_test.cc">
			<Option virtualFolder="Tests - SagTension/" />
		</Unit>
		<Unit filename="sagtension/cable_strainer_test.cc">
			<Option virtualFolder="Tests - SagTension/" />
		</Unit>
		<Unit filename="sagtension/catenary_cable_reloader_test.cc">
			<Option virtualFolder="Tests - SagTension/" />
		</Unit>
		<Unit filename="sagtension/catenary_cable_unloader_test.cc">
			<Option virtualFolder="Tests - SagTension/" />
		</Unit>
		<Unit filename="sagtension/line_cable_reloader_test.cc">
			<Option virtualFolder="Tests - SagTension/" />
		</Unit>
		<Unit filename="sagtension/line_cable_sagger_test.cc">
			<Option virtualFolder="Tests - SagTension/" />
		</Unit>
		<Unit filename="sagtension/sag_tension_cable_test.cc">
			<Option virtualFolder="Tests - SagTension/" />
		</Unit>
		<Unit filename="test.cc">
			<Option virtualFolder="Source Files/" />
		</Unit>
		<Unit filename="transmissionline/alignment_test.cc">
			<Option virtualFolder="Tests - TransmissionLine/" />
		</Unit>
		<Unit filename="transmissionline/cable_attachment_equilibrium_solver_test.cc">
			<Option virtualFolder="Tests - TransmissionLine/" />
		</Unit>
		<Unit filename="transmissionline/cable_constraint_test.cc">
			<Option virtualFolder="Tests - TransmissionLine/" />
		</Unit>
		<Unit filename="transmissionline/cable_position_locator_test.cc">
			<Option virtualFolder="Tests - TransmissionLine/" />
		</Unit>
		<Unit filename="transmissionline/cable_test.cc">
			<Option virtualFolder="Tests - TransmissionLine/" />
		</Unit>
		<Unit filename="transmissionline/cable_unit_load_calculator_test.cc">
			<Option virtualFolder="Tests - TransmissionLine/" />
		</Unit>
		<Unit filename="transmissionline/catenary_solver_test.cc">
			<Option virtualFolder="Tests - TransmissionLine/" />
		</Unit>
		<Unit filename="transmissionline/catenary_test.cc">
			<Option virtualFolder="Tests - TransmissionLine/" />
		</Unit>
		<Unit filename="transmissionline/hardware_test.cc">
			<Option virtualFolder="Tests - TransmissionLine/" />
		</Unit>
		<Unit filename="transmissionline/line_cable_test.cc">
			<Option virtualFolder="Tests - TransmissionLine/" />
		</Unit>
		<Unit filename="transmissionline/line_structure_test.cc">
			<Option virtualFolder="Tests - TransmissionLine/" />
		</Unit>
		<Unit filename="transmissionline/structure_test.cc">
			<Option virtualFolder="Tests - TransmissionLine/" />
		</Unit>
		<Unit filename="transmissionline/transmission_line_test.cc">
			<Option virtualFolder="Tests - TransmissionLine/" />
		</Unit>
		<Unit filename="transmissionline/weather_load_case_test.cc">
			<Option virtualFolder="Tests - TransmissionLine/" />
		</Unit>
		<Extensions>
			<code_completion />
			<debugger />
		</Extensions>
	</Project>
</CodeBlocks_project_file>
