
Microsoft Visual Studio Solution File, Format Version 12.00
# Visual Studio 2013
VisualStudioVersion = 12.0.21005.1
MinimumVisualStudioVersion = 10.0.40219.1
Project("{8BC9CEB8-8B4A-11D0-8D11-00A0C91BC942}") = "tls_base", "tls_base.vcxproj", "{94A27FF5-C4FF-53B5-9E5F-4197FC3B293C}"
EndProject
Project("{8BC9CEB8-8B4A-11D0-8D11-00A0C91BC942}") = "tls_transmissionline", "tls_transmissionline.vcxproj", "{0FA96EAC-2120-5D9F-B84F-FD6674031BE6}"
	ProjectSection(ProjectDependencies) = postProject
		{94A27FF5-C4FF-53B5-9E5F-4197FC3B293C} = {94A27FF5-C4FF-53B5-9E5F-4197FC3B293C}
	EndProjectSection
EndProject
Global
	GlobalSection(SolutionConfigurationPlatforms) = preSolution
		Debug|Win32 = Debug|Win32
		Release|Win32 = Release|Win32
	EndGlobalSection
	GlobalSection(ProjectConfigurationPlatforms) = postSolution
		{94A27FF5-C4FF-53B5-9E5F-4197FC3B293C}.Debug|Win32.ActiveCfg = Debug|Win32
		{94A27FF5-C4FF-53B5-9E5F-4197FC3B293C}.Debug|Win32.Build.0 = Debug|Win32
		{94A27FF5-C4FF-53B5-9E5F-4197FC3B293C}.Release|Win32.ActiveCfg = Release|Win32
		{94A27FF5-C4FF-53B5-9E5F-4197FC3B293C}.Release|Win32.Build.0 = Release|Win32
		{0FA96EAC-2120-5D9F-B84F-FD6674031BE6}.Debug|Win32.ActiveCfg = Debug|Win32
		{0FA96EAC-2120-5D9F-B84F-FD6674031BE6}.Debug|Win32.Build.0 = Debug|Win32
		{0FA96EAC-2120-5D9F-B84F-FD6674031BE6}.Release|Win32.ActiveCfg = Release|Win32
		{0FA96EAC-2120-5D9F-B84F-FD6674031BE6}.Release|Win32.Build.0 = Release|Win32
	EndGlobalSection
	GlobalSection(SolutionProperties) = preSolution
		HideSolutionNode = FALSE
	EndGlobalSection
EndGlobal
