<?xml version="1.0" encoding="UTF-8" standalone="yes" ?>
<CodeBlocks_project_file>
	<FileVersion major="1" minor="6" />
	<Project>
		<Option title="TransmissionLine" />
		<Option pch_mode="2" />
		<Option compiler="gcc" />
		<Build>
			<Target title="Debug">
				<Option output="build/TransmissionLine/bin/debug/TransmissionLine" prefix_auto="1" extension_auto="1" />
				<Option working_dir="" />
				<Option object_output="build/TransmissionLine/obj/debug/" />
				<Option external_deps="build/Base/bin/debug/libBase.a;" />
				<Option type="2" />
				<Option compiler="gcc" />
				<Compiler>
					<Add option="-g" />
				</Compiler>
				<Linker>
					<Add library="build/Base/bin/debug/libBase.a" />
				</Linker>
			</Target>
			<Target title="Release">
				<Option output="build/TransmissionLine/bin/release/TransmissionLine" prefix_auto="1" extension_auto="1" />
				<Option working_dir="" />
				<Option object_output="build/TransmissionLine/obj/release/" />
				<Option external_deps="build/Base/bin/release/libBase.a;" />
				<Option type="2" />
				<Option compiler="gcc" />
				<Compiler>
					<Add option="-O2" />
				</Compiler>
				<Linker>
					<Add option="-s" />
					<Add library="build/Base/bin/release/libBase.a" />
				</Linker>
			</Target>
		</Build>
		<Compiler>
			<Add option="-std=c++11" />
			<Add option="-Wall" />
			<Add directory="./" />
		</Compiler>
		<Linker>
			<Add directory="./" />
		</Linker>
		<Unit filename="include/TransmissionLine/Cable.h" />
		<Unit filename="include/TransmissionLine/CableLoadCase.h" />
		<Unit filename="include/TransmissionLine/CableLoadConstraint.h" />
		<Unit filename="include/TransmissionLine/CableUnitLoadCalculator.h" />
		<Unit filename="include/TransmissionLine/Catenary.h" />
		<Unit filename="include/TransmissionLine/WeatherLoadCase.h" />
		<Unit filename="src/TransmissionLine/Cable.cc" />
		<Unit filename="src/TransmissionLine/CableLoadCase.cc" />
		<Unit filename="src/TransmissionLine/CableLoadConstraint.cc" />
		<Unit filename="src/TransmissionLine/CableUnitLoadCalculator.cc" />
		<Unit filename="src/TransmissionLine/Catenary.cc" />
		<Unit filename="src/TransmissionLine/WeatherLoadCase.cc" />
		<Extensions>
			<code_completion />
			<debugger />
		</Extensions>
	</Project>
</CodeBlocks_project_file>
