<?xml version="1.0" encoding="UTF-8" standalone="yes" ?>
<CodeBlocks_project_file>
	<FileVersion major="1" minor="6" />
	<Project>
		<Option title="transmissionline" />
		<Option pch_mode="2" />
		<Option compiler="gcc" />
		<Build>
			<Target title="Debug">
				<Option output="bin/debug/transmissionline" prefix_auto="1" extension_auto="1" />
				<Option working_dir="" />
				<Option object_output="obj/debug/" />
				<Option type="2" />
				<Option compiler="gcc" />
				<Compiler>
					<Add option="-g" />
					<Add directory="../include" />
				</Compiler>
			</Target>
			<Target title="Release">
				<Option output="bin/release/transmissionline" prefix_auto="1" extension_auto="1" />
				<Option working_dir="" />
				<Option object_output="obj/release/" />
				<Option type="2" />
				<Option compiler="gcc" />
				<Compiler>
					<Add option="-O2" />
				</Compiler>
				<Linker>
					<Add option="-s" />
				</Linker>
			</Target>
		</Build>
		<Compiler>
			<Add option="-std=c++11" />
			<Add option="-Wall" />
		</Compiler>
		<Unit filename="include/Cable.h" />
		<Unit filename="include/CableLoadCase.h" />
		<Unit filename="include/CableLoadConstraint.h" />
		<Unit filename="include/CableUnitLoadCalculator.h" />
		<Unit filename="include/Catenary.h" />
		<Unit filename="include/GeometricShapes.h" />
		<Unit filename="include/SupportFile.h" />
		<Unit filename="include/WeatherLoadCase.h" />
		<Unit filename="src/Cable.cc" />
		<Unit filename="src/CableLoadCase.cc" />
		<Unit filename="src/CableLoadConstraint.cc" />
		<Unit filename="src/CableUnitLoadCalculator.cc" />
		<Unit filename="src/Catenary.cc" />
		<Unit filename="src/GeometricShapes.cc" />
		<Unit filename="src/SupportFile.cc" />
		<Unit filename="src/WeatherLoadCase.cc" />
		<Extensions>
			<envvars />
			<code_completion />
			<debugger />
			<DoxyBlocks>
				<comment_style block="2" line="2" />
				<doxyfile_project output_directory="docs" />
				<doxyfile_build />
				<doxyfile_warnings warn_if_undocumented="1" />
				<doxyfile_output />
				<doxyfile_dot />
				<general />
			</DoxyBlocks>
		</Extensions>
	</Project>
</CodeBlocks_project_file>
